// !$*UTF8*$!
{
	archiveVersion = 1;
	classes = {
	};
	objectVersion = 46;
	objects = {

/* Begin PBXBuildFile section */
		E862AF8716252FE00029ADAC /* CoreLocation.framework in Frameworks */ = {isa = PBXBuildFile; fileRef = E862AF8616252FE00029ADAC /* CoreLocation.framework */; };
		E886108B16612B290014650C /* arrowDown.png in Resources */ = {isa = PBXBuildFile; fileRef = E886107D16612B290014650C /* arrowDown.png */; };
		E886108C16612B290014650C /* arrowDownGreen.png in Resources */ = {isa = PBXBuildFile; fileRef = E886107E16612B290014650C /* arrowDownGreen.png */; };
		E886108D16612B290014650C /* arrowDownPurple.png in Resources */ = {isa = PBXBuildFile; fileRef = E886107F16612B290014650C /* arrowDownPurple.png */; };
		E886108E16612B290014650C /* arrowDownRed.png in Resources */ = {isa = PBXBuildFile; fileRef = E886108016612B290014650C /* arrowDownRed.png */; };
		E886108F16612B290014650C /* arrowRight.png in Resources */ = {isa = PBXBuildFile; fileRef = E886108116612B290014650C /* arrowRight.png */; };
		E886109016612B290014650C /* arrowRightGreen.png in Resources */ = {isa = PBXBuildFile; fileRef = E886108216612B290014650C /* arrowRightGreen.png */; };
		E886109116612B290014650C /* arrowRightPurple.png in Resources */ = {isa = PBXBuildFile; fileRef = E886108316612B290014650C /* arrowRightPurple.png */; };
		E886109216612B290014650C /* arrowRightRed.png in Resources */ = {isa = PBXBuildFile; fileRef = E886108416612B290014650C /* arrowRightRed.png */; };
		E886109316612B290014650C /* at.png in Resources */ = {isa = PBXBuildFile; fileRef = E886108516612B290014650C /* at.png */; };
		E886109416612B290014650C /* atGreen.png in Resources */ = {isa = PBXBuildFile; fileRef = E886108616612B290014650C /* atGreen.png */; };
		E886109516612B290014650C /* atPurple.png in Resources */ = {isa = PBXBuildFile; fileRef = E886108716612B290014650C /* atPurple.png */; };
		E886109616612B290014650C /* atRed.png in Resources */ = {isa = PBXBuildFile; fileRef = E886108816612B290014650C /* atRed.png */; };
		E886109716612B290014650C /* targetOne.png in Resources */ = {isa = PBXBuildFile; fileRef = E886108916612B290014650C /* targetOne.png */; };
		E886109816612B290014650C /* targetTwo.png in Resources */ = {isa = PBXBuildFile; fileRef = E886108A16612B290014650C /* targetTwo.png */; };
		E8A061C516636F8800EC937C /* AddBookmarkViewController.xib in Resources */ = {isa = PBXBuildFile; fileRef = E8A061BF16636F8800EC937C /* AddBookmarkViewController.xib */; };
		E8A061C616636F8800EC937C /* AnnotationDetailController.xib in Resources */ = {isa = PBXBuildFile; fileRef = E8A061C016636F8800EC937C /* AnnotationDetailController.xib */; };
		E8A061C716636F8800EC937C /* BookmarkDetailController.xib in Resources */ = {isa = PBXBuildFile; fileRef = E8A061C116636F8800EC937C /* BookmarkDetailController.xib */; };
		E8A061C816636F8800EC937C /* BookmarkViewController.xib in Resources */ = {isa = PBXBuildFile; fileRef = E8A061C216636F8800EC937C /* BookmarkViewController.xib */; };
		E8A061C916636F8800EC937C /* MapBookViewController.xib in Resources */ = {isa = PBXBuildFile; fileRef = E8A061C316636F8800EC937C /* MapBookViewController.xib */; };
		E8A061CA16636F8800EC937C /* PageViewController.xib in Resources */ = {isa = PBXBuildFile; fileRef = E8A061C416636F8800EC937C /* PageViewController.xib */; };
		E8A75E0A164F8DE600068B53 /* AddressBookUI.framework in Frameworks */ = {isa = PBXBuildFile; fileRef = E8A75E09164F8DE600068B53 /* AddressBookUI.framework */; };
		E8A75E0C164F8DED00068B53 /* AddressBook.framework in Frameworks */ = {isa = PBXBuildFile; fileRef = E8A75E0B164F8DEC00068B53 /* AddressBook.framework */; };
		E8B5C1FE1638E80800CAC3B6 /* QuartzCore.framework in Frameworks */ = {isa = PBXBuildFile; fileRef = E8B5C1FD1638E80800CAC3B6 /* QuartzCore.framework */; };
		E8B87D76166DF0DD00C30DFB /* CQMFloatingContentOverlayView.m in Sources */ = {isa = PBXBuildFile; fileRef = E8B87D6B166DF0AC00C30DFB /* CQMFloatingContentOverlayView.m */; settings = {COMPILER_FLAGS = "-fno-objc-arc"; }; };
		E8B87D77166DF0DD00C30DFB /* CQMFloatingController.m in Sources */ = {isa = PBXBuildFile; fileRef = E8B87D6D166DF0AC00C30DFB /* CQMFloatingController.m */; settings = {COMPILER_FLAGS = "-fno-objc-arc"; }; };
		E8B87D78166DF0DD00C30DFB /* CQMFloatingFrameView.m in Sources */ = {isa = PBXBuildFile; fileRef = E8B87D6F166DF0AC00C30DFB /* CQMFloatingFrameView.m */; settings = {COMPILER_FLAGS = "-fno-objc-arc"; }; };
		E8B87D79166DF0DD00C30DFB /* CQMFloatingMaskControl.m in Sources */ = {isa = PBXBuildFile; fileRef = E8B87D71166DF0AC00C30DFB /* CQMFloatingMaskControl.m */; settings = {COMPILER_FLAGS = "-fno-objc-arc"; }; };
		E8B87D7A166DF0DD00C30DFB /* CQMFloatingNavigationBar.m in Sources */ = {isa = PBXBuildFile; fileRef = E8B87D73166DF0AC00C30DFB /* CQMFloatingNavigationBar.m */; settings = {COMPILER_FLAGS = "-fno-objc-arc"; }; };
		E8B87D7B166DF0DD00C30DFB /* CQMPathUtilities.m in Sources */ = {isa = PBXBuildFile; fileRef = E8B87D75166DF0AC00C30DFB /* CQMPathUtilities.m */; settings = {COMPILER_FLAGS = "-fno-objc-arc"; }; };
		E8B87D7C166DF0DD00C30DFB /* PopoverView.m in Sources */ = {isa = PBXBuildFile; fileRef = E8B87D68166DF09300C30DFB /* PopoverView.m */; settings = {COMPILER_FLAGS = "-fno-objc-arc"; }; };
		E8B87D7D166DF0DD00C30DFB /* AbstractActionSheetPicker.m in Sources */ = {isa = PBXBuildFile; fileRef = E8B87D5C166DF07100C30DFB /* AbstractActionSheetPicker.m */; settings = {COMPILER_FLAGS = "-fno-objc-arc"; }; };
		E8B87D7E166DF0DD00C30DFB /* ActionSheetDatePicker.m in Sources */ = {isa = PBXBuildFile; fileRef = E8B87D5E166DF07100C30DFB /* ActionSheetDatePicker.m */; settings = {COMPILER_FLAGS = "-fno-objc-arc"; }; };
		E8B87D7F166DF0DD00C30DFB /* ActionSheetDistancePicker.m in Sources */ = {isa = PBXBuildFile; fileRef = E8B87D60166DF07100C30DFB /* ActionSheetDistancePicker.m */; settings = {COMPILER_FLAGS = "-fno-objc-arc"; }; };
		E8B87D80166DF0DD00C30DFB /* ActionSheetStringPicker.m in Sources */ = {isa = PBXBuildFile; fileRef = E8B87D63166DF07100C30DFB /* ActionSheetStringPicker.m */; settings = {COMPILER_FLAGS = "-fno-objc-arc"; }; };
		E8B87D81166DF0DD00C30DFB /* DistancePickerView.m in Sources */ = {isa = PBXBuildFile; fileRef = E8B87D65166DF07100C30DFB /* DistancePickerView.m */; settings = {COMPILER_FLAGS = "-fno-objc-arc"; }; };
		E8C289F6165B6B8700EEC5E1 /* Default-568h@2x.png in Resources */ = {isa = PBXBuildFile; fileRef = E8C289F5165B6B8600EEC5E1 /* Default-568h@2x.png */; };
		E8D81CFD16804A1E00C53E4F /* success.png in Resources */ = {isa = PBXBuildFile; fileRef = E8D81CFB16804A1C00C53E4F /* success.png */; };
		E8D81CFE16804A1E00C53E4F /* success@2x.png in Resources */ = {isa = PBXBuildFile; fileRef = E8D81CFC16804A1D00C53E4F /* success@2x.png */; };
		E8E40278161736490058C247 /* UIKit.framework in Frameworks */ = {isa = PBXBuildFile; fileRef = E8E40277161736490058C247 /* UIKit.framework */; };
		E8E4027A161736490058C247 /* Foundation.framework in Frameworks */ = {isa = PBXBuildFile; fileRef = E8E40279161736490058C247 /* Foundation.framework */; };
		E8E4027C161736490058C247 /* CoreGraphics.framework in Frameworks */ = {isa = PBXBuildFile; fileRef = E8E4027B161736490058C247 /* CoreGraphics.framework */; };
		E8E4027E161736490058C247 /* CoreData.framework in Frameworks */ = {isa = PBXBuildFile; fileRef = E8E4027D161736490058C247 /* CoreData.framework */; };
		E8E40284161736490058C247 /* InfoPlist.strings in Resources */ = {isa = PBXBuildFile; fileRef = E8E40282161736490058C247 /* InfoPlist.strings */; };
		E8E40286161736490058C247 /* main.m in Sources */ = {isa = PBXBuildFile; fileRef = E8E40285161736490058C247 /* main.m */; };
		E8E4028A161736490058C247 /* AppDelegate.m in Sources */ = {isa = PBXBuildFile; fileRef = E8E40289161736490058C247 /* AppDelegate.m */; };
		E8E402CC1617425E0058C247 /* MapKit.framework in Frameworks */ = {isa = PBXBuildFile; fileRef = E8E402CB1617425E0058C247 /* MapKit.framework */; };
		E8E63DFD1664581B00869121 /* ColorExtention.m in Sources */ = {isa = PBXBuildFile; fileRef = E8A061D31663709200EC937C /* ColorExtention.m */; };
		E8E63E041664581B00869121 /* AnnotationDetail.m in Sources */ = {isa = PBXBuildFile; fileRef = E8A061D5166370AC00EC937C /* AnnotationDetail.m */; };
		E8E63E051664581B00869121 /* MapAnnotation.m in Sources */ = {isa = PBXBuildFile; fileRef = E8A061D7166370AC00EC937C /* MapAnnotation.m */; };
		E8E63E061664581B00869121 /* AddBookmarkViewController.m in Sources */ = {isa = PBXBuildFile; fileRef = E8A061B416636F6200EC937C /* AddBookmarkViewController.m */; };
		E8E63E071664581B00869121 /* AnnotationDetailController.m in Sources */ = {isa = PBXBuildFile; fileRef = E8A061B616636F6200EC937C /* AnnotationDetailController.m */; };
		E8E63E081664581B00869121 /* BookmarkDetailController.m in Sources */ = {isa = PBXBuildFile; fileRef = E8A061B816636F6200EC937C /* BookmarkDetailController.m */; };
		E8E63E091664581B00869121 /* BookmarkViewController.m in Sources */ = {isa = PBXBuildFile; fileRef = E8A061BA16636F6200EC937C /* BookmarkViewController.m */; };
		E8E63E0A1664581B00869121 /* MapBookViewController.m in Sources */ = {isa = PBXBuildFile; fileRef = E8A061BC16636F6200EC937C /* MapBookViewController.m */; };
		E8E63E0B1664581B00869121 /* PageViewController.m in Sources */ = {isa = PBXBuildFile; fileRef = E8A061BE16636F6200EC937C /* PageViewController.m */; };
		E8E63E0C1664581B00869121 /* LocationBookmark.m in Sources */ = {isa = PBXBuildFile; fileRef = E8A061CC16636F9F00EC937C /* LocationBookmark.m */; };
		E8E63E0D1664581B00869121 /* PathBookmark.m in Sources */ = {isa = PBXBuildFile; fileRef = E8A061CE16636F9F00EC937C /* PathBookmark.m */; };
		E8E63E0E1664581B00869121 /* RagionBookmark.m in Sources */ = {isa = PBXBuildFile; fileRef = E8A061CF16636F9F00EC937C /* RagionBookmark.m */; };
		E8E63E111664585800869121 /* Maps.xcdatamodeld in Sources */ = {isa = PBXBuildFile; fileRef = E8E63E0F1664585800869121 /* Maps.xcdatamodeld */; };
/* End PBXBuildFile section */

/* Begin PBXFileReference section */
		E862AF8616252FE00029ADAC /* CoreLocation.framework */ = {isa = PBXFileReference; lastKnownFileType = wrapper.framework; name = CoreLocation.framework; path = System/Library/Frameworks/CoreLocation.framework; sourceTree = SDKROOT; };
		E886107D16612B290014650C /* arrowDown.png */ = {isa = PBXFileReference; lastKnownFileType = image.png; name = arrowDown.png; path = icons/arrowDown.png; sourceTree = "<group>"; };
		E886107E16612B290014650C /* arrowDownGreen.png */ = {isa = PBXFileReference; lastKnownFileType = image.png; name = arrowDownGreen.png; path = icons/arrowDownGreen.png; sourceTree = "<group>"; };
		E886107F16612B290014650C /* arrowDownPurple.png */ = {isa = PBXFileReference; lastKnownFileType = image.png; name = arrowDownPurple.png; path = icons/arrowDownPurple.png; sourceTree = "<group>"; };
		E886108016612B290014650C /* arrowDownRed.png */ = {isa = PBXFileReference; lastKnownFileType = image.png; name = arrowDownRed.png; path = icons/arrowDownRed.png; sourceTree = "<group>"; };
		E886108116612B290014650C /* arrowRight.png */ = {isa = PBXFileReference; lastKnownFileType = image.png; name = arrowRight.png; path = icons/arrowRight.png; sourceTree = "<group>"; };
		E886108216612B290014650C /* arrowRightGreen.png */ = {isa = PBXFileReference; lastKnownFileType = image.png; name = arrowRightGreen.png; path = icons/arrowRightGreen.png; sourceTree = "<group>"; };
		E886108316612B290014650C /* arrowRightPurple.png */ = {isa = PBXFileReference; lastKnownFileType = image.png; name = arrowRightPurple.png; path = icons/arrowRightPurple.png; sourceTree = "<group>"; };
		E886108416612B290014650C /* arrowRightRed.png */ = {isa = PBXFileReference; lastKnownFileType = image.png; name = arrowRightRed.png; path = icons/arrowRightRed.png; sourceTree = "<group>"; };
		E886108516612B290014650C /* at.png */ = {isa = PBXFileReference; lastKnownFileType = image.png; name = at.png; path = icons/at.png; sourceTree = "<group>"; };
		E886108616612B290014650C /* atGreen.png */ = {isa = PBXFileReference; lastKnownFileType = image.png; name = atGreen.png; path = icons/atGreen.png; sourceTree = "<group>"; };
		E886108716612B290014650C /* atPurple.png */ = {isa = PBXFileReference; lastKnownFileType = image.png; name = atPurple.png; path = icons/atPurple.png; sourceTree = "<group>"; };
		E886108816612B290014650C /* atRed.png */ = {isa = PBXFileReference; lastKnownFileType = image.png; name = atRed.png; path = icons/atRed.png; sourceTree = "<group>"; };
		E886108916612B290014650C /* targetOne.png */ = {isa = PBXFileReference; lastKnownFileType = image.png; name = targetOne.png; path = icons/targetOne.png; sourceTree = "<group>"; };
		E886108A16612B290014650C /* targetTwo.png */ = {isa = PBXFileReference; lastKnownFileType = image.png; name = targetTwo.png; path = icons/targetTwo.png; sourceTree = "<group>"; };
		E8A061B316636F6200EC937C /* AddBookmarkViewController.h */ = {isa = PBXFileReference; lastKnownFileType = sourcecode.c.h; name = AddBookmarkViewController.h; path = Controllers/AddBookmarkViewController.h; sourceTree = "<group>"; };
		E8A061B416636F6200EC937C /* AddBookmarkViewController.m */ = {isa = PBXFileReference; lastKnownFileType = sourcecode.c.objc; name = AddBookmarkViewController.m; path = Controllers/AddBookmarkViewController.m; sourceTree = "<group>"; };
		E8A061B516636F6200EC937C /* AnnotationDetailController.h */ = {isa = PBXFileReference; lastKnownFileType = sourcecode.c.h; name = AnnotationDetailController.h; path = Controllers/AnnotationDetailController.h; sourceTree = "<group>"; };
		E8A061B616636F6200EC937C /* AnnotationDetailController.m */ = {isa = PBXFileReference; lastKnownFileType = sourcecode.c.objc; name = AnnotationDetailController.m; path = Controllers/AnnotationDetailController.m; sourceTree = "<group>"; };
		E8A061B716636F6200EC937C /* BookmarkDetailController.h */ = {isa = PBXFileReference; lastKnownFileType = sourcecode.c.h; name = BookmarkDetailController.h; path = Controllers/BookmarkDetailController.h; sourceTree = "<group>"; };
		E8A061B816636F6200EC937C /* BookmarkDetailController.m */ = {isa = PBXFileReference; lastKnownFileType = sourcecode.c.objc; name = BookmarkDetailController.m; path = Controllers/BookmarkDetailController.m; sourceTree = "<group>"; };
		E8A061B916636F6200EC937C /* BookmarkViewController.h */ = {isa = PBXFileReference; lastKnownFileType = sourcecode.c.h; name = BookmarkViewController.h; path = Controllers/BookmarkViewController.h; sourceTree = "<group>"; };
		E8A061BA16636F6200EC937C /* BookmarkViewController.m */ = {isa = PBXFileReference; lastKnownFileType = sourcecode.c.objc; name = BookmarkViewController.m; path = Controllers/BookmarkViewController.m; sourceTree = "<group>"; };
		E8A061BB16636F6200EC937C /* MapBookViewController.h */ = {isa = PBXFileReference; lastKnownFileType = sourcecode.c.h; name = MapBookViewController.h; path = Controllers/MapBookViewController.h; sourceTree = "<group>"; };
		E8A061BC16636F6200EC937C /* MapBookViewController.m */ = {isa = PBXFileReference; lastKnownFileType = sourcecode.c.objc; name = MapBookViewController.m; path = Controllers/MapBookViewController.m; sourceTree = "<group>"; };
		E8A061BD16636F6200EC937C /* PageViewController.h */ = {isa = PBXFileReference; lastKnownFileType = sourcecode.c.h; name = PageViewController.h; path = Controllers/PageViewController.h; sourceTree = "<group>"; };
		E8A061BE16636F6200EC937C /* PageViewController.m */ = {isa = PBXFileReference; lastKnownFileType = sourcecode.c.objc; name = PageViewController.m; path = Controllers/PageViewController.m; sourceTree = "<group>"; };
		E8A061BF16636F8800EC937C /* AddBookmarkViewController.xib */ = {isa = PBXFileReference; fileEncoding = 4; lastKnownFileType = file.xib; name = AddBookmarkViewController.xib; path = Views/AddBookmarkViewController.xib; sourceTree = "<group>"; };
		E8A061C016636F8800EC937C /* AnnotationDetailController.xib */ = {isa = PBXFileReference; fileEncoding = 4; lastKnownFileType = file.xib; name = AnnotationDetailController.xib; path = Views/AnnotationDetailController.xib; sourceTree = "<group>"; };
		E8A061C116636F8800EC937C /* BookmarkDetailController.xib */ = {isa = PBXFileReference; fileEncoding = 4; lastKnownFileType = file.xib; name = BookmarkDetailController.xib; path = Views/BookmarkDetailController.xib; sourceTree = "<group>"; };
		E8A061C216636F8800EC937C /* BookmarkViewController.xib */ = {isa = PBXFileReference; fileEncoding = 4; lastKnownFileType = file.xib; name = BookmarkViewController.xib; path = Views/BookmarkViewController.xib; sourceTree = "<group>"; };
		E8A061C316636F8800EC937C /* MapBookViewController.xib */ = {isa = PBXFileReference; fileEncoding = 4; lastKnownFileType = file.xib; name = MapBookViewController.xib; path = Views/MapBookViewController.xib; sourceTree = "<group>"; };
		E8A061C416636F8800EC937C /* PageViewController.xib */ = {isa = PBXFileReference; fileEncoding = 4; lastKnownFileType = file.xib; name = PageViewController.xib; path = Views/PageViewController.xib; sourceTree = "<group>"; };
		E8A061CB16636F9F00EC937C /* LocationBookmark.h */ = {isa = PBXFileReference; lastKnownFileType = sourcecode.c.h; name = LocationBookmark.h; path = Annotations/LocationBookmark.h; sourceTree = "<group>"; };
		E8A061CC16636F9F00EC937C /* LocationBookmark.m */ = {isa = PBXFileReference; lastKnownFileType = sourcecode.c.objc; name = LocationBookmark.m; path = Annotations/LocationBookmark.m; sourceTree = "<group>"; };
		E8A061CD16636F9F00EC937C /* PathBookmark.h */ = {isa = PBXFileReference; lastKnownFileType = sourcecode.c.h; name = PathBookmark.h; path = Annotations/PathBookmark.h; sourceTree = "<group>"; };
		E8A061CE16636F9F00EC937C /* PathBookmark.m */ = {isa = PBXFileReference; lastKnownFileType = sourcecode.c.objc; name = PathBookmark.m; path = Annotations/PathBookmark.m; sourceTree = "<group>"; };
		E8A061CF16636F9F00EC937C /* RagionBookmark.m */ = {isa = PBXFileReference; lastKnownFileType = sourcecode.c.objc; name = RagionBookmark.m; path = Annotations/RagionBookmark.m; sourceTree = "<group>"; };
		E8A061D016636F9F00EC937C /* RegionBookmark.h */ = {isa = PBXFileReference; lastKnownFileType = sourcecode.c.h; name = RegionBookmark.h; path = Annotations/RegionBookmark.h; sourceTree = "<group>"; };
		E8A061D21663709200EC937C /* ColorExtention.h */ = {isa = PBXFileReference; lastKnownFileType = sourcecode.c.h; name = ColorExtention.h; path = Colors/ColorExtention.h; sourceTree = "<group>"; };
		E8A061D31663709200EC937C /* ColorExtention.m */ = {isa = PBXFileReference; lastKnownFileType = sourcecode.c.objc; name = ColorExtention.m; path = Colors/ColorExtention.m; sourceTree = "<group>"; };
		E8A061D4166370AC00EC937C /* AnnotationDetail.h */ = {isa = PBXFileReference; lastKnownFileType = sourcecode.c.h; name = AnnotationDetail.h; path = DataModel/AnnotationDetail.h; sourceTree = "<group>"; };
		E8A061D5166370AC00EC937C /* AnnotationDetail.m */ = {isa = PBXFileReference; lastKnownFileType = sourcecode.c.objc; name = AnnotationDetail.m; path = DataModel/AnnotationDetail.m; sourceTree = "<group>"; };
		E8A061D6166370AC00EC937C /* MapAnnotation.h */ = {isa = PBXFileReference; lastKnownFileType = sourcecode.c.h; name = MapAnnotation.h; path = DataModel/MapAnnotation.h; sourceTree = "<group>"; };
		E8A061D7166370AC00EC937C /* MapAnnotation.m */ = {isa = PBXFileReference; lastKnownFileType = sourcecode.c.objc; name = MapAnnotation.m; path = DataModel/MapAnnotation.m; sourceTree = "<group>"; };
		E8A75E09164F8DE600068B53 /* AddressBookUI.framework */ = {isa = PBXFileReference; lastKnownFileType = wrapper.framework; name = AddressBookUI.framework; path = System/Library/Frameworks/AddressBookUI.framework; sourceTree = SDKROOT; };
		E8A75E0B164F8DEC00068B53 /* AddressBook.framework */ = {isa = PBXFileReference; lastKnownFileType = wrapper.framework; name = AddressBook.framework; path = System/Library/Frameworks/AddressBook.framework; sourceTree = SDKROOT; };
		E8B5C1FD1638E80800CAC3B6 /* QuartzCore.framework */ = {isa = PBXFileReference; lastKnownFileType = wrapper.framework; name = QuartzCore.framework; path = System/Library/Frameworks/QuartzCore.framework; sourceTree = SDKROOT; };
		E8B87D5B166DF07100C30DFB /* AbstractActionSheetPicker.h */ = {isa = PBXFileReference; lastKnownFileType = sourcecode.c.h; name = AbstractActionSheetPicker.h; path = Reference/Picker/AbstractActionSheetPicker.h; sourceTree = "<group>"; };
		E8B87D5C166DF07100C30DFB /* AbstractActionSheetPicker.m */ = {isa = PBXFileReference; lastKnownFileType = sourcecode.c.objc; name = AbstractActionSheetPicker.m; path = Reference/Picker/AbstractActionSheetPicker.m; sourceTree = "<group>"; };
		E8B87D5D166DF07100C30DFB /* ActionSheetDatePicker.h */ = {isa = PBXFileReference; lastKnownFileType = sourcecode.c.h; name = ActionSheetDatePicker.h; path = Reference/Picker/ActionSheetDatePicker.h; sourceTree = "<group>"; };
		E8B87D5E166DF07100C30DFB /* ActionSheetDatePicker.m */ = {isa = PBXFileReference; lastKnownFileType = sourcecode.c.objc; name = ActionSheetDatePicker.m; path = Reference/Picker/ActionSheetDatePicker.m; sourceTree = "<group>"; };
		E8B87D5F166DF07100C30DFB /* ActionSheetDistancePicker.h */ = {isa = PBXFileReference; lastKnownFileType = sourcecode.c.h; name = ActionSheetDistancePicker.h; path = Reference/Picker/ActionSheetDistancePicker.h; sourceTree = "<group>"; };
		E8B87D60166DF07100C30DFB /* ActionSheetDistancePicker.m */ = {isa = PBXFileReference; lastKnownFileType = sourcecode.c.objc; name = ActionSheetDistancePicker.m; path = Reference/Picker/ActionSheetDistancePicker.m; sourceTree = "<group>"; };
		E8B87D61166DF07100C30DFB /* ActionSheetPicker.h */ = {isa = PBXFileReference; lastKnownFileType = sourcecode.c.h; name = ActionSheetPicker.h; path = Reference/Picker/ActionSheetPicker.h; sourceTree = "<group>"; };
		E8B87D62166DF07100C30DFB /* ActionSheetStringPicker.h */ = {isa = PBXFileReference; lastKnownFileType = sourcecode.c.h; name = ActionSheetStringPicker.h; path = Reference/Picker/ActionSheetStringPicker.h; sourceTree = "<group>"; };
		E8B87D63166DF07100C30DFB /* ActionSheetStringPicker.m */ = {isa = PBXFileReference; lastKnownFileType = sourcecode.c.objc; name = ActionSheetStringPicker.m; path = Reference/Picker/ActionSheetStringPicker.m; sourceTree = "<group>"; };
		E8B87D64166DF07100C30DFB /* DistancePickerView.h */ = {isa = PBXFileReference; lastKnownFileType = sourcecode.c.h; name = DistancePickerView.h; path = Reference/Picker/DistancePickerView.h; sourceTree = "<group>"; };
		E8B87D65166DF07100C30DFB /* DistancePickerView.m */ = {isa = PBXFileReference; lastKnownFileType = sourcecode.c.objc; name = DistancePickerView.m; path = Reference/Picker/DistancePickerView.m; sourceTree = "<group>"; };
		E8B87D67166DF09300C30DFB /* PopoverView.h */ = {isa = PBXFileReference; lastKnownFileType = sourcecode.c.h; name = PopoverView.h; path = Reference/PopoverView/PopoverView.h; sourceTree = "<group>"; };
		E8B87D68166DF09300C30DFB /* PopoverView.m */ = {isa = PBXFileReference; lastKnownFileType = sourcecode.c.objc; name = PopoverView.m; path = Reference/PopoverView/PopoverView.m; sourceTree = "<group>"; };
		E8B87D6A166DF0AC00C30DFB /* CQMFloatingContentOverlayView.h */ = {isa = PBXFileReference; lastKnownFileType = sourcecode.c.h; name = CQMFloatingContentOverlayView.h; path = Reference/CQMFloatingView/CQMFloatingContentOverlayView.h; sourceTree = "<group>"; };
		E8B87D6B166DF0AC00C30DFB /* CQMFloatingContentOverlayView.m */ = {isa = PBXFileReference; lastKnownFileType = sourcecode.c.objc; name = CQMFloatingContentOverlayView.m; path = Reference/CQMFloatingView/CQMFloatingContentOverlayView.m; sourceTree = "<group>"; };
		E8B87D6C166DF0AC00C30DFB /* CQMFloatingController.h */ = {isa = PBXFileReference; lastKnownFileType = sourcecode.c.h; name = CQMFloatingController.h; path = Reference/CQMFloatingView/CQMFloatingController.h; sourceTree = "<group>"; };
		E8B87D6D166DF0AC00C30DFB /* CQMFloatingController.m */ = {isa = PBXFileReference; lastKnownFileType = sourcecode.c.objc; name = CQMFloatingController.m; path = Reference/CQMFloatingView/CQMFloatingController.m; sourceTree = "<group>"; };
		E8B87D6E166DF0AC00C30DFB /* CQMFloatingFrameView.h */ = {isa = PBXFileReference; lastKnownFileType = sourcecode.c.h; name = CQMFloatingFrameView.h; path = Reference/CQMFloatingView/CQMFloatingFrameView.h; sourceTree = "<group>"; };
		E8B87D6F166DF0AC00C30DFB /* CQMFloatingFrameView.m */ = {isa = PBXFileReference; lastKnownFileType = sourcecode.c.objc; name = CQMFloatingFrameView.m; path = Reference/CQMFloatingView/CQMFloatingFrameView.m; sourceTree = "<group>"; };
		E8B87D70166DF0AC00C30DFB /* CQMFloatingMaskControl.h */ = {isa = PBXFileReference; lastKnownFileType = sourcecode.c.h; name = CQMFloatingMaskControl.h; path = Reference/CQMFloatingView/CQMFloatingMaskControl.h; sourceTree = "<group>"; };
		E8B87D71166DF0AC00C30DFB /* CQMFloatingMaskControl.m */ = {isa = PBXFileReference; lastKnownFileType = sourcecode.c.objc; name = CQMFloatingMaskControl.m; path = Reference/CQMFloatingView/CQMFloatingMaskControl.m; sourceTree = "<group>"; };
		E8B87D72166DF0AC00C30DFB /* CQMFloatingNavigationBar.h */ = {isa = PBXFileReference; lastKnownFileType = sourcecode.c.h; name = CQMFloatingNavigationBar.h; path = Reference/CQMFloatingView/CQMFloatingNavigationBar.h; sourceTree = "<group>"; };
		E8B87D73166DF0AC00C30DFB /* CQMFloatingNavigationBar.m */ = {isa = PBXFileReference; lastKnownFileType = sourcecode.c.objc; name = CQMFloatingNavigationBar.m; path = Reference/CQMFloatingView/CQMFloatingNavigationBar.m; sourceTree = "<group>"; };
		E8B87D74166DF0AC00C30DFB /* CQMPathUtilities.h */ = {isa = PBXFileReference; lastKnownFileType = sourcecode.c.h; name = CQMPathUtilities.h; path = Reference/CQMFloatingView/CQMPathUtilities.h; sourceTree = "<group>"; };
		E8B87D75166DF0AC00C30DFB /* CQMPathUtilities.m */ = {isa = PBXFileReference; lastKnownFileType = sourcecode.c.objc; name = CQMPathUtilities.m; path = Reference/CQMFloatingView/CQMPathUtilities.m; sourceTree = "<group>"; };
		E8C289F5165B6B8600EEC5E1 /* Default-568h@2x.png */ = {isa = PBXFileReference; lastKnownFileType = image.png; path = "Default-568h@2x.png"; sourceTree = "<group>"; };
		E8D81CFB16804A1C00C53E4F /* success.png */ = {isa = PBXFileReference; lastKnownFileType = image.png; name = success.png; path = icons/success.png; sourceTree = "<group>"; };
		E8D81CFC16804A1D00C53E4F /* success@2x.png */ = {isa = PBXFileReference; lastKnownFileType = image.png; name = "success@2x.png"; path = "icons/success@2x.png"; sourceTree = "<group>"; };
		E8E40273161736490058C247 /* MapBook.app */ = {isa = PBXFileReference; explicitFileType = wrapper.application; includeInIndex = 0; path = MapBook.app; sourceTree = BUILT_PRODUCTS_DIR; };
		E8E40277161736490058C247 /* UIKit.framework */ = {isa = PBXFileReference; lastKnownFileType = wrapper.framework; name = UIKit.framework; path = System/Library/Frameworks/UIKit.framework; sourceTree = SDKROOT; };
		E8E40279161736490058C247 /* Foundation.framework */ = {isa = PBXFileReference; lastKnownFileType = wrapper.framework; name = Foundation.framework; path = System/Library/Frameworks/Foundation.framework; sourceTree = SDKROOT; };
		E8E4027B161736490058C247 /* CoreGraphics.framework */ = {isa = PBXFileReference; lastKnownFileType = wrapper.framework; name = CoreGraphics.framework; path = System/Library/Frameworks/CoreGraphics.framework; sourceTree = SDKROOT; };
		E8E4027D161736490058C247 /* CoreData.framework */ = {isa = PBXFileReference; lastKnownFileType = wrapper.framework; name = CoreData.framework; path = System/Library/Frameworks/CoreData.framework; sourceTree = SDKROOT; };
		E8E40281161736490058C247 /* Maps-Info.plist */ = {isa = PBXFileReference; lastKnownFileType = text.plist.xml; path = "Maps-Info.plist"; sourceTree = "<group>"; };
		E8E40283161736490058C247 /* en */ = {isa = PBXFileReference; lastKnownFileType = text.plist.strings; name = en; path = en.lproj/InfoPlist.strings; sourceTree = "<group>"; };
		E8E40285161736490058C247 /* main.m */ = {isa = PBXFileReference; lastKnownFileType = sourcecode.c.objc; path = main.m; sourceTree = "<group>"; };
		E8E40287161736490058C247 /* Maps-Prefix.pch */ = {isa = PBXFileReference; lastKnownFileType = sourcecode.c.h; path = "Maps-Prefix.pch"; sourceTree = "<group>"; };
		E8E40288161736490058C247 /* AppDelegate.h */ = {isa = PBXFileReference; lastKnownFileType = sourcecode.c.h; path = AppDelegate.h; sourceTree = "<group>"; };
		E8E40289161736490058C247 /* AppDelegate.m */ = {isa = PBXFileReference; lastKnownFileType = sourcecode.c.objc; path = AppDelegate.m; sourceTree = "<group>"; };
		E8E402CB1617425E0058C247 /* MapKit.framework */ = {isa = PBXFileReference; lastKnownFileType = wrapper.framework; name = MapKit.framework; path = System/Library/Frameworks/MapKit.framework; sourceTree = SDKROOT; };
		E8E63E101664585800869121 /* Maps.xcdatamodel */ = {isa = PBXFileReference; lastKnownFileType = wrapper.xcdatamodel; path = Maps.xcdatamodel; sourceTree = "<group>"; };
/* End PBXFileReference section */

/* Begin PBXFrameworksBuildPhase section */
		E8E40270161736490058C247 /* Frameworks */ = {
			isa = PBXFrameworksBuildPhase;
			buildActionMask = 2147483647;
			files = (
				E8A75E0C164F8DED00068B53 /* AddressBook.framework in Frameworks */,
				E8A75E0A164F8DE600068B53 /* AddressBookUI.framework in Frameworks */,
				E8B5C1FE1638E80800CAC3B6 /* QuartzCore.framework in Frameworks */,
				E862AF8716252FE00029ADAC /* CoreLocation.framework in Frameworks */,
				E8E402CC1617425E0058C247 /* MapKit.framework in Frameworks */,
				E8E40278161736490058C247 /* UIKit.framework in Frameworks */,
				E8E4027A161736490058C247 /* Foundation.framework in Frameworks */,
				E8E4027C161736490058C247 /* CoreGraphics.framework in Frameworks */,
				E8E4027E161736490058C247 /* CoreData.framework in Frameworks */,
			);
			runOnlyForDeploymentPostprocessing = 0;
		};
/* End PBXFrameworksBuildPhase section */

/* Begin PBXGroup section */
		E8719E5C162BCE9F009243B8 /* Annotations */ = {
			isa = PBXGroup;
			children = (
				E8A061CB16636F9F00EC937C /* LocationBookmark.h */,
				E8A061CC16636F9F00EC937C /* LocationBookmark.m */,
				E8A061CD16636F9F00EC937C /* PathBookmark.h */,
				E8A061CE16636F9F00EC937C /* PathBookmark.m */,
				E8A061D016636F9F00EC937C /* RegionBookmark.h */,
				E8A061CF16636F9F00EC937C /* RagionBookmark.m */,
			);
			name = Annotations;
			sourceTree = "<group>";
		};
		E8719E5D162BCEC1009243B8 /* Views */ = {
			isa = PBXGroup;
			children = (
				E8A061BF16636F8800EC937C /* AddBookmarkViewController.xib */,
				E8A061C016636F8800EC937C /* AnnotationDetailController.xib */,
				E8A061C116636F8800EC937C /* BookmarkDetailController.xib */,
				E8A061C216636F8800EC937C /* BookmarkViewController.xib */,
				E8A061C316636F8800EC937C /* MapBookViewController.xib */,
				E8A061C416636F8800EC937C /* PageViewController.xib */,
			);
			name = Views;
			sourceTree = "<group>";
		};
		E8719E68162BCF8F009243B8 /* Controllers */ = {
			isa = PBXGroup;
			children = (
				E8A061B316636F6200EC937C /* AddBookmarkViewController.h */,
				E8A061B416636F6200EC937C /* AddBookmarkViewController.m */,
				E8A061B516636F6200EC937C /* AnnotationDetailController.h */,
				E8A061B616636F6200EC937C /* AnnotationDetailController.m */,
				E8A061B716636F6200EC937C /* BookmarkDetailController.h */,
				E8A061B816636F6200EC937C /* BookmarkDetailController.m */,
				E8A061B916636F6200EC937C /* BookmarkViewController.h */,
				E8A061BA16636F6200EC937C /* BookmarkViewController.m */,
				E8A061BB16636F6200EC937C /* MapBookViewController.h */,
				E8A061BC16636F6200EC937C /* MapBookViewController.m */,
				E8A061BD16636F6200EC937C /* PageViewController.h */,
				E8A061BE16636F6200EC937C /* PageViewController.m */,
			);
			name = Controllers;
			sourceTree = "<group>";
		};
		E8719E69162BCFB0009243B8 /* DataModel */ = {
			isa = PBXGroup;
			children = (
				E8E63E0F1664585800869121 /* Maps.xcdatamodeld */,
				E8A061D4166370AC00EC937C /* AnnotationDetail.h */,
				E8A061D5166370AC00EC937C /* AnnotationDetail.m */,
				E8A061D6166370AC00EC937C /* MapAnnotation.h */,
				E8A061D7166370AC00EC937C /* MapAnnotation.m */,
			);
			name = DataModel;
			sourceTree = "<group>";
		};
		E8A061D11663707E00EC937C /* Colors */ = {
			isa = PBXGroup;
			children = (
				E8A061D21663709200EC937C /* ColorExtention.h */,
				E8A061D31663709200EC937C /* ColorExtention.m */,
			);
			name = Colors;
			sourceTree = "<group>";
		};
		E8A75DBE164E627700068B53 /* icons */ = {
			isa = PBXGroup;
			children = (
				E8D81CFB16804A1C00C53E4F /* success.png */,
				E8D81CFC16804A1D00C53E4F /* success@2x.png */,
				E886107D16612B290014650C /* arrowDown.png */,
				E886107E16612B290014650C /* arrowDownGreen.png */,
				E886107F16612B290014650C /* arrowDownPurple.png */,
				E886108016612B290014650C /* arrowDownRed.png */,
				E886108116612B290014650C /* arrowRight.png */,
				E886108216612B290014650C /* arrowRightGreen.png */,
				E886108316612B290014650C /* arrowRightPurple.png */,
				E886108416612B290014650C /* arrowRightRed.png */,
				E886108516612B290014650C /* at.png */,
				E886108616612B290014650C /* atGreen.png */,
				E886108716612B290014650C /* atPurple.png */,
				E886108816612B290014650C /* atRed.png */,
				E886108916612B290014650C /* targetOne.png */,
				E886108A16612B290014650C /* targetTwo.png */,
			);
			name = icons;
			sourceTree = "<group>";
		};
		E8B87D55166DE3D900C30DFB /* Reference */ = {
			isa = PBXGroup;
			children = (
				E8B87D69166DF09700C30DFB /* CQMFloatingView */,
				E8B87D66166DF07900C30DFB /* PopupView API */,
				E8B87D5A166DF05D00C30DFB /* Picker API */,
			);
			name = Reference;
			sourceTree = "<group>";
		};
		E8B87D5A166DF05D00C30DFB /* Picker API */ = {
			isa = PBXGroup;
			children = (
				E8B87D62166DF07100C30DFB /* ActionSheetStringPicker.h */,
				E8B87D5B166DF07100C30DFB /* AbstractActionSheetPicker.h */,
				E8B87D5C166DF07100C30DFB /* AbstractActionSheetPicker.m */,
				E8B87D5D166DF07100C30DFB /* ActionSheetDatePicker.h */,
				E8B87D5E166DF07100C30DFB /* ActionSheetDatePicker.m */,
				E8B87D5F166DF07100C30DFB /* ActionSheetDistancePicker.h */,
				E8B87D60166DF07100C30DFB /* ActionSheetDistancePicker.m */,
				E8B87D61166DF07100C30DFB /* ActionSheetPicker.h */,
				E8B87D63166DF07100C30DFB /* ActionSheetStringPicker.m */,
				E8B87D64166DF07100C30DFB /* DistancePickerView.h */,
				E8B87D65166DF07100C30DFB /* DistancePickerView.m */,
			);
			name = "Picker API";
			sourceTree = "<group>";
		};
		E8B87D66166DF07900C30DFB /* PopupView API */ = {
			isa = PBXGroup;
			children = (
				E8B87D67166DF09300C30DFB /* PopoverView.h */,
				E8B87D68166DF09300C30DFB /* PopoverView.m */,
			);
			name = "PopupView API";
			sourceTree = "<group>";
		};
		E8B87D69166DF09700C30DFB /* CQMFloatingView */ = {
			isa = PBXGroup;
			children = (
				E8B87D6A166DF0AC00C30DFB /* CQMFloatingContentOverlayView.h */,
				E8B87D6B166DF0AC00C30DFB /* CQMFloatingContentOverlayView.m */,
				E8B87D6C166DF0AC00C30DFB /* CQMFloatingController.h */,
				E8B87D6D166DF0AC00C30DFB /* CQMFloatingController.m */,
				E8B87D6E166DF0AC00C30DFB /* CQMFloatingFrameView.h */,
				E8B87D6F166DF0AC00C30DFB /* CQMFloatingFrameView.m */,
				E8B87D70166DF0AC00C30DFB /* CQMFloatingMaskControl.h */,
				E8B87D71166DF0AC00C30DFB /* CQMFloatingMaskControl.m */,
				E8B87D72166DF0AC00C30DFB /* CQMFloatingNavigationBar.h */,
				E8B87D73166DF0AC00C30DFB /* CQMFloatingNavigationBar.m */,
				E8B87D74166DF0AC00C30DFB /* CQMPathUtilities.h */,
				E8B87D75166DF0AC00C30DFB /* CQMPathUtilities.m */,
			);
			name = CQMFloatingView;
			sourceTree = "<group>";
		};
		E8E40268161736480058C247 = {
			isa = PBXGroup;
			children = (
				E8C289F5165B6B8600EEC5E1 /* Default-568h@2x.png */,
				E8E4027F161736490058C247 /* Maps */,
				E8E40276161736490058C247 /* Frameworks */,
				E8E40274161736490058C247 /* Products */,
			);
			sourceTree = "<group>";
		};
		E8E40274161736490058C247 /* Products */ = {
			isa = PBXGroup;
			children = (
				E8E40273161736490058C247 /* MapBook.app */,
			);
			name = Products;
			sourceTree = "<group>";
		};
		E8E40276161736490058C247 /* Frameworks */ = {
			isa = PBXGroup;
			children = (
				E8A75E0B164F8DEC00068B53 /* AddressBook.framework */,
				E8A75E09164F8DE600068B53 /* AddressBookUI.framework */,
				E8B5C1FD1638E80800CAC3B6 /* QuartzCore.framework */,
				E862AF8616252FE00029ADAC /* CoreLocation.framework */,
				E8E402CB1617425E0058C247 /* MapKit.framework */,
				E8E40277161736490058C247 /* UIKit.framework */,
				E8E40279161736490058C247 /* Foundation.framework */,
				E8E4027B161736490058C247 /* CoreGraphics.framework */,
				E8E4027D161736490058C247 /* CoreData.framework */,
			);
			name = Frameworks;
			sourceTree = "<group>";
		};
		E8E4027F161736490058C247 /* Maps */ = {
			isa = PBXGroup;
			children = (
				E8E40288161736490058C247 /* AppDelegate.h */,
				E8E40289161736490058C247 /* AppDelegate.m */,
				E8B87D55166DE3D900C30DFB /* Reference */,
				E8A061D11663707E00EC937C /* Colors */,
				E8719E69162BCFB0009243B8 /* DataModel */,
				E8719E68162BCF8F009243B8 /* Controllers */,
				E8719E5D162BCEC1009243B8 /* Views */,
				E8719E5C162BCE9F009243B8 /* Annotations */,
				E8E40280161736490058C247 /* Supporting Files */,
			);
			path = Maps;
			sourceTree = "<group>";
		};
		E8E40280161736490058C247 /* Supporting Files */ = {
			isa = PBXGroup;
			children = (
				E8A75DBE164E627700068B53 /* icons */,
				E8E40281161736490058C247 /* Maps-Info.plist */,
				E8E40282161736490058C247 /* InfoPlist.strings */,
				E8E40285161736490058C247 /* main.m */,
				E8E40287161736490058C247 /* Maps-Prefix.pch */,
			);
			name = "Supporting Files";
			sourceTree = "<group>";
		};
/* End PBXGroup section */

/* Begin PBXNativeTarget section */
		E8E40272161736490058C247 /* MapBook */ = {
			isa = PBXNativeTarget;
			buildConfigurationList = E8E40290161736490058C247 /* Build configuration list for PBXNativeTarget "MapBook" */;
			buildPhases = (
				E8E4026F161736490058C247 /* Sources */,
				E8E40270161736490058C247 /* Frameworks */,
				E8E40271161736490058C247 /* Resources */,
			);
			buildRules = (
			);
			dependencies = (
			);
			name = MapBook;
			productName = Maps;
			productReference = E8E40273161736490058C247 /* MapBook.app */;
			productType = "com.apple.product-type.application";
		};
/* End PBXNativeTarget section */

/* Begin PBXProject section */
		E8E4026A161736480058C247 /* Project object */ = {
			isa = PBXProject;
			attributes = {
				LastUpgradeCheck = 0430;
				ORGANIZATIONNAME = PolyU;
			};
			buildConfigurationList = E8E4026D161736480058C247 /* Build configuration list for PBXProject "Maps" */;
			compatibilityVersion = "Xcode 3.2";
			developmentRegion = English;
			hasScannedForEncodings = 0;
			knownRegions = (
				en,
			);
			mainGroup = E8E40268161736480058C247;
			productRefGroup = E8E40274161736490058C247 /* Products */;
			projectDirPath = "";
			projectRoot = "";
			targets = (
				E8E40272161736490058C247 /* MapBook */,
			);
		};
/* End PBXProject section */

/* Begin PBXResourcesBuildPhase section */
		E8E40271161736490058C247 /* Resources */ = {
			isa = PBXResourcesBuildPhase;
			buildActionMask = 2147483647;
			files = (
				E8E40284161736490058C247 /* InfoPlist.strings in Resources */,
				E8C289F6165B6B8700EEC5E1 /* Default-568h@2x.png in Resources */,
				E886108B16612B290014650C /* arrowDown.png in Resources */,
				E886108C16612B290014650C /* arrowDownGreen.png in Resources */,
				E886108D16612B290014650C /* arrowDownPurple.png in Resources */,
				E886108E16612B290014650C /* arrowDownRed.png in Resources */,
				E886108F16612B290014650C /* arrowRight.png in Resources */,
				E886109016612B290014650C /* arrowRightGreen.png in Resources */,
				E886109116612B290014650C /* arrowRightPurple.png in Resources */,
				E886109216612B290014650C /* arrowRightRed.png in Resources */,
				E886109316612B290014650C /* at.png in Resources */,
				E886109416612B290014650C /* atGreen.png in Resources */,
				E886109516612B290014650C /* atPurple.png in Resources */,
				E886109616612B290014650C /* atRed.png in Resources */,
				E886109716612B290014650C /* targetOne.png in Resources */,
				E886109816612B290014650C /* targetTwo.png in Resources */,
				E8A061C516636F8800EC937C /* AddBookmarkViewController.xib in Resources */,
				E8A061C616636F8800EC937C /* AnnotationDetailController.xib in Resources */,
				E8A061C716636F8800EC937C /* BookmarkDetailController.xib in Resources */,
				E8A061C816636F8800EC937C /* BookmarkViewController.xib in Resources */,
				E8A061C916636F8800EC937C /* MapBookViewController.xib in Resources */,
				E8A061CA16636F8800EC937C /* PageViewController.xib in Resources */,
				E8D81CFD16804A1E00C53E4F /* success.png in Resources */,
				E8D81CFE16804A1E00C53E4F /* success@2x.png in Resources */,
			);
			runOnlyForDeploymentPostprocessing = 0;
		};
/* End PBXResourcesBuildPhase section */

/* Begin PBXSourcesBuildPhase section */
		E8E4026F161736490058C247 /* Sources */ = {
			isa = PBXSourcesBuildPhase;
			buildActionMask = 2147483647;
			files = (
				E8B87D76166DF0DD00C30DFB /* CQMFloatingContentOverlayView.m in Sources */,
				E8B87D77166DF0DD00C30DFB /* CQMFloatingController.m in Sources */,
				E8B87D78166DF0DD00C30DFB /* CQMFloatingFrameView.m in Sources */,
				E8B87D79166DF0DD00C30DFB /* CQMFloatingMaskControl.m in Sources */,
				E8B87D7A166DF0DD00C30DFB /* CQMFloatingNavigationBar.m in Sources */,
				E8B87D7B166DF0DD00C30DFB /* CQMPathUtilities.m in Sources */,
				E8B87D7C166DF0DD00C30DFB /* PopoverView.m in Sources */,
				E8B87D7D166DF0DD00C30DFB /* AbstractActionSheetPicker.m in Sources */,
				E8B87D7E166DF0DD00C30DFB /* ActionSheetDatePicker.m in Sources */,
				E8B87D7F166DF0DD00C30DFB /* ActionSheetDistancePicker.m in Sources */,
				E8B87D80166DF0DD00C30DFB /* ActionSheetStringPicker.m in Sources */,
				E8B87D81166DF0DD00C30DFB /* DistancePickerView.m in Sources */,
				E8E63DFD1664581B00869121 /* ColorExtention.m in Sources */,
				E8E63E041664581B00869121 /* AnnotationDetail.m in Sources */,
				E8E63E051664581B00869121 /* MapAnnotation.m in Sources */,
				E8E63E061664581B00869121 /* AddBookmarkViewController.m in Sources */,
				E8E63E071664581B00869121 /* AnnotationDetailController.m in Sources */,
				E8E63E081664581B00869121 /* BookmarkDetailController.m in Sources */,
				E8E63E091664581B00869121 /* BookmarkViewController.m in Sources */,
				E8E63E0A1664581B00869121 /* MapBookViewController.m in Sources */,
				E8E63E0B1664581B00869121 /* PageViewController.m in Sources */,
				E8E63E0C1664581B00869121 /* LocationBookmark.m in Sources */,
				E8E63E0D1664581B00869121 /* PathBookmark.m in Sources */,
				E8E63E0E1664581B00869121 /* RagionBookmark.m in Sources */,
				E8E40286161736490058C247 /* main.m in Sources */,
				E8E4028A161736490058C247 /* AppDelegate.m in Sources */,
				E8E63E111664585800869121 /* Maps.xcdatamodeld in Sources */,
			);
			runOnlyForDeploymentPostprocessing = 0;
		};
/* End PBXSourcesBuildPhase section */

/* Begin PBXVariantGroup section */
		E8E40282161736490058C247 /* InfoPlist.strings */ = {
			isa = PBXVariantGroup;
			children = (
				E8E40283161736490058C247 /* en */,
			);
			name = InfoPlist.strings;
			sourceTree = "<group>";
		};
/* End PBXVariantGroup section */

/* Begin XCBuildConfiguration section */
		E8E4028E161736490058C247 /* Debug */ = {
			isa = XCBuildConfiguration;
			buildSettings = {
				ALWAYS_SEARCH_USER_PATHS = NO;
				ARCHS = "$(ARCHS_STANDARD_32_BIT)";
				CLANG_ENABLE_OBJC_ARC = YES;
				"CODE_SIGN_IDENTITY[sdk=iphoneos*]" = "iPhone Developer";
				COPY_PHASE_STRIP = NO;
				GCC_C_LANGUAGE_STANDARD = gnu99;
				GCC_DYNAMIC_NO_PIC = NO;
				GCC_OPTIMIZATION_LEVEL = s;
				GCC_PREPROCESSOR_DEFINITIONS = (
					"DEBUG=1",
					"$(inherited)",
				);
				GCC_SYMBOLS_PRIVATE_EXTERN = NO;
				GCC_VERSION = com.apple.compilers.llvm.clang.1_0;
				GCC_WARN_ABOUT_RETURN_TYPE = YES;
				GCC_WARN_UNINITIALIZED_AUTOS = YES;
				GCC_WARN_UNUSED_VARIABLE = YES;
				IPHONEOS_DEPLOYMENT_TARGET = 5.1;
				SDKROOT = iphoneos;
			};
			name = Debug;
		};
		E8E4028F161736490058C247 /* Release */ = {
			isa = XCBuildConfiguration;
			buildSettings = {
				ALWAYS_SEARCH_USER_PATHS = NO;
				ARCHS = "$(ARCHS_STANDARD_32_BIT)";
				CLANG_ENABLE_OBJC_ARC = YES;
				"CODE_SIGN_IDENTITY[sdk=iphoneos*]" = "iPhone Developer";
				COPY_PHASE_STRIP = YES;
				GCC_C_LANGUAGE_STANDARD = gnu99;
				GCC_VERSION = com.apple.compilers.llvm.clang.1_0;
				GCC_WARN_ABOUT_RETURN_TYPE = YES;
				GCC_WARN_UNINITIALIZED_AUTOS = YES;
				GCC_WARN_UNUSED_VARIABLE = YES;
				IPHONEOS_DEPLOYMENT_TARGET = 5.1;
				OTHER_CFLAGS = "-DNS_BLOCK_ASSERTIONS=1";
				SDKROOT = iphoneos;
				VALIDATE_PRODUCT = YES;
			};
			name = Release;
		};
		E8E40291161736490058C247 /* Debug */ = {
			isa = XCBuildConfiguration;
			buildSettings = {
				GCC_PRECOMPILE_PREFIX_HEADER = YES;
				GCC_PREFIX_HEADER = "Maps/Maps-Prefix.pch";
				INFOPLIST_FILE = "Maps/Maps-Info.plist";
				PRODUCT_NAME = "$(TARGET_NAME)";
				WRAPPER_EXTENSION = app;
			};
			name = Debug;
		};
		E8E40292161736490058C247 /* Release */ = {
			isa = XCBuildConfiguration;
			buildSettings = {
				GCC_PRECOMPILE_PREFIX_HEADER = YES;
				GCC_PREFIX_HEADER = "Maps/Maps-Prefix.pch";
				INFOPLIST_FILE = "Maps/Maps-Info.plist";
				PRODUCT_NAME = "$(TARGET_NAME)";
				WRAPPER_EXTENSION = app;
			};
			name = Release;
		};
/* End XCBuildConfiguration section */

/* Begin XCConfigurationList section */
		E8E4026D161736480058C247 /* Build configuration list for PBXProject "Maps" */ = {
			isa = XCConfigurationList;
			buildConfigurations = (
				E8E4028E161736490058C247 /* Debug */,
				E8E4028F161736490058C247 /* Release */,
			);
			defaultConfigurationIsVisible = 0;
			defaultConfigurationName = Release;
		};
		E8E40290161736490058C247 /* Build configuration list for PBXNativeTarget "MapBook" */ = {
			isa = XCConfigurationList;
			buildConfigurations = (
				E8E40291161736490058C247 /* Debug */,
				E8E40292161736490058C247 /* Release */,
			);
			defaultConfigurationIsVisible = 0;
			defaultConfigurationName = Release;
		};
/* End XCConfigurationList section */

/* Begin XCVersionGroup section */
		E8E63E0F1664585800869121 /* Maps.xcdatamodeld */ = {
			isa = XCVersionGroup;
			children = (
				E8E63E101664585800869121 /* Maps.xcdatamodel */,
			);
			currentVersion = E8E63E101664585800869121 /* Maps.xcdatamodel */;
			name = Maps.xcdatamodeld;
			path = DataModel/Maps.xcdatamodeld;
			sourceTree = "<group>";
			versionGroupType = wrapper.xcdatamodel;
		};
/* End XCVersionGroup section */
	};
	rootObject = E8E4026A161736480058C247 /* Project object */;
}
